
Microsoft Visual Studio Solution File, Format Version 12.00
# Visual Studio Version 16
VisualStudioVersion = 16.0.29123.88
MinimumVisualStudioVersion = 10.0.40219.1
Project("{9A19103F-16F7-4668-BE54-9A1E7A4F7556}") = "Bangazon-Workforce-Management", "Bangazon-Workforce-Management.csproj", "{245B8738-9838-4319-B250-2BF5CA950D60}"
EndProject
Global
	GlobalSection(SolutionConfigurationPlatforms) = preSolution
		Debug|Any CPU = Debug|Any CPU
		Release|Any CPU = Release|Any CPU
	EndGlobalSection
	GlobalSection(ProjectConfigurationPlatforms) = postSolution
		{245B8738-9838-4319-B250-2BF5CA950D60}.Debug|Any CPU.ActiveCfg = Debug|Any CPU
		{245B8738-9838-4319-B250-2BF5CA950D60}.Debug|Any CPU.Build.0 = Debug|Any CPU
		{245B8738-9838-4319-B250-2BF5CA950D60}.Release|Any CPU.ActiveCfg = Release|Any CPU
		{245B8738-9838-4319-B250-2BF5CA950D60}.Release|Any CPU.Build.0 = Release|Any CPU
	EndGlobalSection
	GlobalSection(SolutionProperties) = preSolution
		HideSolutionNode = FALSE
	EndGlobalSection
	GlobalSection(ExtensibilityGlobals) = postSolution
		SolutionGuid = {5FA64B11-7BCC-4F12-B50F-8044D0F07DB4}
	EndGlobalSection
EndGlobal
