
Microsoft Visual Studio Solution File, Format Version 12.00
# Visual Studio Version 16
VisualStudioVersion = 16.0.29123.88
MinimumVisualStudioVersion = 10.0.40219.1
Project("{9A19103F-16F7-4668-BE54-9A1E7A4F7556}") = "Bangazon-Workforce-Management", "Bangazon-Workforce-Management.csproj", "{444CB93F-C521-44EC-924D-B71F2F318F12}"
EndProject
Global
	GlobalSection(SolutionConfigurationPlatforms) = preSolution
		Debug|Any CPU = Debug|Any CPU
		Release|Any CPU = Release|Any CPU
	EndGlobalSection
	GlobalSection(ProjectConfigurationPlatforms) = postSolution
		{444CB93F-C521-44EC-924D-B71F2F318F12}.Debug|Any CPU.ActiveCfg = Debug|Any CPU
		{444CB93F-C521-44EC-924D-B71F2F318F12}.Debug|Any CPU.Build.0 = Debug|Any CPU
		{444CB93F-C521-44EC-924D-B71F2F318F12}.Release|Any CPU.ActiveCfg = Release|Any CPU
		{444CB93F-C521-44EC-924D-B71F2F318F12}.Release|Any CPU.Build.0 = Release|Any CPU
	EndGlobalSection
	GlobalSection(SolutionProperties) = preSolution
		HideSolutionNode = FALSE
	EndGlobalSection
	GlobalSection(ExtensibilityGlobals) = postSolution
		SolutionGuid = {322BBEF3-DF0F-4E78-A68F-855254713C75}
	EndGlobalSection
EndGlobal
